PODS:
  - BEMCheckBox (1.4.1)
  - FSCalendar (2.8.2)

DEPENDENCIES:
  - BEMCheckBox (~> 1.4.1)
  - FSCalendar (~> 2.8.2)

SPEC REPOS:
  trunk:
    - BEMCheckBox
    - FSCalendar

SPEC CHECKSUMS:
  BEMCheckBox: 5ba6e37ade3d3657b36caecc35c8b75c6c2b1a4e
  FSCalendar: e6a2eb9c571bf0719ed797ef807e08426753c241

PODFILE CHECKSUM: 875598a7ecb1b89d48570945ef72694ce2c0026c

COCOAPODS: 1.10.1
